
Microsoft Visual Studio Solution File, Format Version 12.00
# Visual Studio Version 16
VisualStudioVersion = 16.0.31605.320
MinimumVisualStudioVersion = 10.0.40219.1
Project("{FAE04EC0-301F-11D3-BF4B-00C04F79EFBC}") = "AtTime.Presentation", "AtTime.Presentation\AtTime.Presentation.csproj", "{B8613DD6-58E2-4D07-878A-B270D9DAF46E}"
EndProject
Project("{FAE04EC0-301F-11D3-BF4B-00C04F79EFBC}") = "AtTime.Core", "AtTime.Core\AtTime.Core.csproj", "{3646FE4A-FA67-4ED1-92FC-451C5A858723}"
EndProject
Global
	GlobalSection(SolutionConfigurationPlatforms) = preSolution
		Debug|Any CPU = Debug|Any CPU
		Release|Any CPU = Release|Any CPU
	EndGlobalSection
	GlobalSection(ProjectConfigurationPlatforms) = postSolution
		{B8613DD6-58E2-4D07-878A-B270D9DAF46E}.Debug|Any CPU.ActiveCfg = Debug|Any CPU
		{B8613DD6-58E2-4D07-878A-B270D9DAF46E}.Debug|Any CPU.Build.0 = Debug|Any CPU
		{B8613DD6-58E2-4D07-878A-B270D9DAF46E}.Release|Any CPU.ActiveCfg = Release|Any CPU
		{B8613DD6-58E2-4D07-878A-B270D9DAF46E}.Release|Any CPU.Build.0 = Release|Any CPU
		{3646FE4A-FA67-4ED1-92FC-451C5A858723}.Debug|Any CPU.ActiveCfg = Debug|Any CPU
		{3646FE4A-FA67-4ED1-92FC-451C5A858723}.Debug|Any CPU.Build.0 = Debug|Any CPU
		{3646FE4A-FA67-4ED1-92FC-451C5A858723}.Release|Any CPU.ActiveCfg = Release|Any CPU
		{3646FE4A-FA67-4ED1-92FC-451C5A858723}.Release|Any CPU.Build.0 = Release|Any CPU
	EndGlobalSection
	GlobalSection(SolutionProperties) = preSolution
		HideSolutionNode = FALSE
	EndGlobalSection
	GlobalSection(ExtensibilityGlobals) = postSolution
		SolutionGuid = {306D88C2-8544-4F06-850A-4AD690790124}
	EndGlobalSection
EndGlobal
